
Microsoft Visual Studio Solution File, Format Version 12.00
# Visual Studio Version 16
VisualStudioVersion = 16.0.29728.190
MinimumVisualStudioVersion = 10.0.40219.1
Project("{FAE04EC0-301F-11D3-BF4B-00C04F79EFBC}") = "RestaurantRater", "RestaurantRater\RestaurantRater.csproj", "{9703460C-1E70-4310-B9D9-4B3F735108BB}"
EndProject
Global
	GlobalSection(SolutionConfigurationPlatforms) = preSolution
		Debug|Any CPU = Debug|Any CPU
		Release|Any CPU = Release|Any CPU
	EndGlobalSection
	GlobalSection(ProjectConfigurationPlatforms) = postSolution
		{9703460C-1E70-4310-B9D9-4B3F735108BB}.Debug|Any CPU.ActiveCfg = Debug|Any CPU
		{9703460C-1E70-4310-B9D9-4B3F735108BB}.Debug|Any CPU.Build.0 = Debug|Any CPU
		{9703460C-1E70-4310-B9D9-4B3F735108BB}.Release|Any CPU.ActiveCfg = Release|Any CPU
		{9703460C-1E70-4310-B9D9-4B3F735108BB}.Release|Any CPU.Build.0 = Release|Any CPU
	EndGlobalSection
	GlobalSection(SolutionProperties) = preSolution
		HideSolutionNode = FALSE
	EndGlobalSection
	GlobalSection(ExtensibilityGlobals) = postSolution
		SolutionGuid = {BB487B5D-A590-43EE-B3BB-5DA25BC42C3A}
	EndGlobalSection
EndGlobal
